// !$*UTF8*$!
{
	archiveVersion = 1;
	classes = {
	};
	objectVersion = 55;
	objects = {

/* Begin PBXBuildFile section */
		1117D05EAFAFBF1C9B023B8F /* StringIntern.h in Headers */ = {isa = PBXBuildFile; fileRef = 1117D92AD66F1893259B17AD /* StringIntern.h */; settings = {ATTRIBUTES = (Public, ); }; };
		1117D2B18896C4366E0BB76F /* KeyedItem.swift in Sources */ = {isa = PBXBuildFile; fileRef = 1117D033B649B20767485C84 /* KeyedItem.swift */; };
		1117D484515FAC2E13931DED /* Tree.swift in Sources */ = {isa = PBXBuildFile; fileRef = 1117D72DC03442323D8A9378 /* Tree.swift */; };
		1117D51943512299FB1C8A7D /* ReadWriteLock.swift in Sources */ = {isa = PBXBuildFile; fileRef = 1117D37F3D16C34FE583A334 /* ReadWriteLock.swift */; };
		1117D5C773C725F99C250EF6 /* StringIntern.framework in Frameworks */ = {isa = PBXBuildFile; fileRef = 1117D53E1A42E29D21BDCA30 /* StringIntern.framework */; };
		1117D95F274C06EE54F29BFA /* StringIntern.swift in Sources */ = {isa = PBXBuildFile; fileRef = 1117DB851716CF6D1853F2D1 /* StringIntern.swift */; };
		1117D973AD1ADDC777F92673 /* TNode.swift in Sources */ = {isa = PBXBuildFile; fileRef = 1117DEFEDFAA307B0EFCB839 /* TNode.swift */; };
		1117DB3C8A0D86CF8962FCFB /* ItemCore.swift in Sources */ = {isa = PBXBuildFile; fileRef = 1117DE10A36DCD1C756130EA /* ItemCore.swift */; };
		1117DE65E43A2CFAE5C9343D /* Utils.swift in Sources */ = {isa = PBXBuildFile; fileRef = 1117DC8B1F8E53EE89C9A6A0 /* Utils.swift */; };
		83AB1489276A260200D95DBE /* StringInternTests.swift in Sources */ = {isa = PBXBuildFile; fileRef = 83AB1488276A260200D95DBE /* StringInternTests.swift */; };
		83AB1496276A290500D95DBE /* StringIntern.docc in Sources */ = {isa = PBXBuildFile; fileRef = 83AB1495276A290500D95DBE /* StringIntern.docc */; };
/* End PBXBuildFile section */

/* Begin PBXContainerItemProxy section */
		83AB1485276A260200D95DBE /* PBXContainerItemProxy */ = {
			isa = PBXContainerItemProxy;
			containerPortal = 83AB1470276A260100D95DBE /* Project object */;
			proxyType = 1;
			remoteGlobalIDString = 83AB1478276A260100D95DBE;
			remoteInfo = StringIntern;
		};
/* End PBXContainerItemProxy section */

/* Begin PBXFileReference section */
		1117D033B649B20767485C84 /* KeyedItem.swift */ = {isa = PBXFileReference; fileEncoding = 4; lastKnownFileType = sourcecode.swift; path = KeyedItem.swift; sourceTree = "<group>"; };
		1117D0C31736D6380ABE00AE /* .jazzy.yaml */ = {isa = PBXFileReference; fileEncoding = 4; lastKnownFileType = text.yaml; path = .jazzy.yaml; sourceTree = "<group>"; };
		1117D37F3D16C34FE583A334 /* ReadWriteLock.swift */ = {isa = PBXFileReference; fileEncoding = 4; lastKnownFileType = sourcecode.swift; path = ReadWriteLock.swift; sourceTree = "<group>"; };
		1117D53E1A42E29D21BDCA30 /* StringIntern.framework */ = {isa = PBXFileReference; lastKnownFileType = wrapper.framework; name = StringIntern.framework; path = "../../../Library/Caches/JetBrains/AppCode2021.3/DerivedData/StringIntern-dgqdccfydeebaldyyzyeephabbmo/Build/Products/Debug/StringIntern.framework"; sourceTree = "<group>"; };
		1117D5F3B6F8786A83D1C0E7 /* .gitignore */ = {isa = PBXFileReference; lastKnownFileType = file.gitignore; path = .gitignore; sourceTree = "<group>"; };
		1117D614A5B8679840C771C8 /* Package.swift */ = {isa = PBXFileReference; fileEncoding = 4; lastKnownFileType = sourcecode.swift; path = Package.swift; sourceTree = "<group>"; };
		1117D72DC03442323D8A9378 /* Tree.swift */ = {isa = PBXFileReference; fileEncoding = 4; lastKnownFileType = sourcecode.swift; path = Tree.swift; sourceTree = "<group>"; };
		1117D75D885B17784DA42330 /* LICENSE */ = {isa = PBXFileReference; fileEncoding = 4; lastKnownFileType = text; path = LICENSE; sourceTree = "<group>"; };
		1117D92AD66F1893259B17AD /* StringIntern.h */ = {isa = PBXFileReference; fileEncoding = 4; lastKnownFileType = sourcecode.c.h; path = StringIntern.h; sourceTree = "<group>"; };
		1117DA3DEF7BC00E0DE72A1F /* StringInternTests.xctest */ = {isa = PBXFileReference; lastKnownFileType = file.xctest; name = StringInternTests.xctest; path = "../../../Library/Caches/JetBrains/AppCode2021.3/DerivedData/StringIntern-dgqdccfydeebaldyyzyeephabbmo/Build/Products/Debug/StringInternTests.xctest"; sourceTree = "<group>"; };
		1117DAB357EE15CEB9AC4A2F /* README.md */ = {isa = PBXFileReference; fileEncoding = 4; lastKnownFileType = net.daringfireball.markdown; path = README.md; sourceTree = "<group>"; };
		1117DB851716CF6D1853F2D1 /* StringIntern.swift */ = {isa = PBXFileReference; fileEncoding = 4; lastKnownFileType = sourcecode.swift; path = StringIntern.swift; sourceTree = "<group>"; };
		1117DC8B1F8E53EE89C9A6A0 /* Utils.swift */ = {isa = PBXFileReference; fileEncoding = 4; lastKnownFileType = sourcecode.swift; path = Utils.swift; sourceTree = "<group>"; };
		1117DE10A36DCD1C756130EA /* ItemCore.swift */ = {isa = PBXFileReference; fileEncoding = 4; lastKnownFileType = sourcecode.swift; path = ItemCore.swift; sourceTree = "<group>"; };
		1117DEFEDFAA307B0EFCB839 /* TNode.swift */ = {isa = PBXFileReference; fileEncoding = 4; lastKnownFileType = sourcecode.swift; path = TNode.swift; sourceTree = "<group>"; };
		83AB1488276A260200D95DBE /* StringInternTests.swift */ = {isa = PBXFileReference; lastKnownFileType = sourcecode.swift; path = StringInternTests.swift; sourceTree = "<group>"; };
		83AB1495276A290500D95DBE /* StringIntern.docc */ = {isa = PBXFileReference; lastKnownFileType = folder.documentationcatalog; path = StringIntern.docc; sourceTree = "<group>"; };
/* End PBXFileReference section */

/* Begin PBXFrameworksBuildPhase section */
		83AB1476276A260100D95DBE /* Frameworks */ = {
			isa = PBXFrameworksBuildPhase;
			buildActionMask = 2147483647;
			files = (
			);
			runOnlyForDeploymentPostprocessing = 0;
		};
		83AB1480276A260200D95DBE /* Frameworks */ = {
			isa = PBXFrameworksBuildPhase;
			buildActionMask = 2147483647;
			files = (
				1117D5C773C725F99C250EF6 /* StringIntern.framework in Frameworks */,
			);
			runOnlyForDeploymentPostprocessing = 0;
		};
/* End PBXFrameworksBuildPhase section */

/* Begin PBXGroup section */
		1117D4E7F50FEB31D7616C64 /* Project */ = {
			isa = PBXGroup;
			children = (
				1117D5F3B6F8786A83D1C0E7 /* .gitignore */,
				1117DAB357EE15CEB9AC4A2F /* README.md */,
				1117D614A5B8679840C771C8 /* Package.swift */,
				1117D75D885B17784DA42330 /* LICENSE */,
				1117D0C31736D6380ABE00AE /* .jazzy.yaml */,
				1117DC80EDFCB0C9C07BABBE /* Products */,
			);
			name = Project;
			sourceTree = "<group>";
		};
		1117DC57D8577BF897C3850C /* Other */ = {
			isa = PBXGroup;
			children = (
				1117D92AD66F1893259B17AD /* StringIntern.h */,
			);
			name = Other;
			sourceTree = "<group>";
		};
		1117DC80EDFCB0C9C07BABBE /* Products */ = {
			isa = PBXGroup;
			children = (
				1117D53E1A42E29D21BDCA30 /* StringIntern.framework */,
				1117DA3DEF7BC00E0DE72A1F /* StringInternTests.xctest */,
			);
			name = Products;
			sourceTree = "<group>";
		};
		83AB146F276A260100D95DBE = {
			isa = PBXGroup;
			children = (
				83AB1494276A262500D95DBE /* Tests */,
				83AB1493276A261A00D95DBE /* Sources */,
				1117D4E7F50FEB31D7616C64 /* Project */,
			);
			sourceTree = "<group>";
		};
		83AB147B276A260100D95DBE /* StringIntern */ = {
			isa = PBXGroup;
			children = (
				83AB1495276A290500D95DBE /* StringIntern.docc */,
				1117DC57D8577BF897C3850C /* Other */,
				1117D37F3D16C34FE583A334 /* ReadWriteLock.swift */,
				1117DC8B1F8E53EE89C9A6A0 /* Utils.swift */,
				1117D72DC03442323D8A9378 /* Tree.swift */,
				1117DB851716CF6D1853F2D1 /* StringIntern.swift */,
				1117DE10A36DCD1C756130EA /* ItemCore.swift */,
				1117D033B649B20767485C84 /* KeyedItem.swift */,
				1117DEFEDFAA307B0EFCB839 /* TNode.swift */,
			);
			path = StringIntern;
			sourceTree = "<group>";
		};
		83AB1487276A260200D95DBE /* StringInternTests */ = {
			isa = PBXGroup;
			children = (
				83AB1488276A260200D95DBE /* StringInternTests.swift */,
			);
			path = StringInternTests;
			sourceTree = "<group>";
		};
		83AB1493276A261A00D95DBE /* Sources */ = {
			isa = PBXGroup;
			children = (
				83AB147B276A260100D95DBE /* StringIntern */,
			);
			path = Sources;
			sourceTree = "<group>";
		};
		83AB1494276A262500D95DBE /* Tests */ = {
			isa = PBXGroup;
			children = (
				83AB1487276A260200D95DBE /* StringInternTests */,
			);
			path = Tests;
			sourceTree = "<group>";
		};
/* End PBXGroup section */

/* Begin PBXHeadersBuildPhase section */
		83AB1474276A260100D95DBE /* Headers */ = {
			isa = PBXHeadersBuildPhase;
			buildActionMask = 2147483647;
			files = (
				1117D05EAFAFBF1C9B023B8F /* StringIntern.h in Headers */,
			);
			runOnlyForDeploymentPostprocessing = 0;
		};
/* End PBXHeadersBuildPhase section */

/* Begin PBXNativeTarget section */
		83AB1478276A260100D95DBE /* StringIntern */ = {
			isa = PBXNativeTarget;
			buildConfigurationList = 83AB148D276A260200D95DBE /* Build configuration list for PBXNativeTarget "StringIntern" */;
			buildPhases = (
				83AB1474276A260100D95DBE /* Headers */,
				83AB1475276A260100D95DBE /* Sources */,
				83AB1476276A260100D95DBE /* Frameworks */,
				83AB1477276A260100D95DBE /* Resources */,
			);
			buildRules = (
			);
			dependencies = (
			);
			name = StringIntern;
			productName = StringIntern;
			productType = "com.apple.product-type.framework";
		};
		83AB1482276A260200D95DBE /* StringInternTests */ = {
			isa = PBXNativeTarget;
			buildConfigurationList = 83AB1490276A260200D95DBE /* Build configuration list for PBXNativeTarget "StringInternTests" */;
			buildPhases = (
				83AB147F276A260200D95DBE /* Sources */,
				83AB1480276A260200D95DBE /* Frameworks */,
				83AB1481276A260200D95DBE /* Resources */,
			);
			buildRules = (
			);
			dependencies = (
				83AB1486276A260200D95DBE /* PBXTargetDependency */,
			);
			name = StringInternTests;
			productName = StringInternTests;
			productType = "com.apple.product-type.bundle.unit-test";
		};
/* End PBXNativeTarget section */

/* Begin PBXProject section */
		83AB1470276A260100D95DBE /* Project object */ = {
			isa = PBXProject;
			attributes = {
				BuildIndependentTargetsInParallel = 1;
				LastSwiftUpdateCheck = 1320;
				LastUpgradeCheck = 1320;
				TargetAttributes = {
					83AB1478276A260100D95DBE = {
						CreatedOnToolsVersion = 13.2;
					};
					83AB1482276A260200D95DBE = {
						CreatedOnToolsVersion = 13.2;
					};
				};
			};
			buildConfigurationList = 83AB1473276A260100D95DBE /* Build configuration list for PBXProject "StringIntern" */;
			compatibilityVersion = "Xcode 13.0";
			developmentRegion = en;
			hasScannedForEncodings = 0;
			knownRegions = (
				en,
				Base,
			);
			mainGroup = 83AB146F276A260100D95DBE;
			projectDirPath = "";
			projectRoot = "";
			targets = (
				83AB1478276A260100D95DBE /* StringIntern */,
				83AB1482276A260200D95DBE /* StringInternTests */,
			);
		};
/* End PBXProject section */

/* Begin PBXResourcesBuildPhase section */
		83AB1477276A260100D95DBE /* Resources */ = {
			isa = PBXResourcesBuildPhase;
			buildActionMask = 2147483647;
			files = (
			);
			runOnlyForDeploymentPostprocessing = 0;
		};
		83AB1481276A260200D95DBE /* Resources */ = {
			isa = PBXResourcesBuildPhase;
			buildActionMask = 2147483647;
			files = (
			);
			runOnlyForDeploymentPostprocessing = 0;
		};
/* End PBXResourcesBuildPhase section */

/* Begin PBXSourcesBuildPhase section */
		83AB1475276A260100D95DBE /* Sources */ = {
			isa = PBXSourcesBuildPhase;
			buildActionMask = 2147483647;
			files = (
				83AB1496276A290500D95DBE /* StringIntern.docc in Sources */,
				1117D51943512299FB1C8A7D /* ReadWriteLock.swift in Sources */,
				1117DE65E43A2CFAE5C9343D /* Utils.swift in Sources */,
				1117D484515FAC2E13931DED /* Tree.swift in Sources */,
				1117D95F274C06EE54F29BFA /* StringIntern.swift in Sources */,
				1117DB3C8A0D86CF8962FCFB /* ItemCore.swift in Sources */,
				1117D2B18896C4366E0BB76F /* KeyedItem.swift in Sources */,
				1117D973AD1ADDC777F92673 /* TNode.swift in Sources */,
			);
			runOnlyForDeploymentPostprocessing = 0;
		};
		83AB147F276A260200D95DBE /* Sources */ = {
			isa = PBXSourcesBuildPhase;
			buildActionMask = 2147483647;
			files = (
				83AB1489276A260200D95DBE /* StringInternTests.swift in Sources */,
			);
			runOnlyForDeploymentPostprocessing = 0;
		};
/* End PBXSourcesBuildPhase section */

/* Begin PBXTargetDependency section */
		83AB1486276A260200D95DBE /* PBXTargetDependency */ = {
			isa = PBXTargetDependency;
			target = 83AB1478276A260100D95DBE /* StringIntern */;
			targetProxy = 83AB1485276A260200D95DBE /* PBXContainerItemProxy */;
		};
/* End PBXTargetDependency section */

/* Begin XCBuildConfiguration section */
		83AB148B276A260200D95DBE /* Debug */ = {
			isa = XCBuildConfiguration;
			buildSettings = {
				ALWAYS_SEARCH_USER_PATHS = NO;
				CLANG_ANALYZER_NONNULL = YES;
				CLANG_ANALYZER_NUMBER_OBJECT_CONVERSION = YES_AGGRESSIVE;
				CLANG_CXX_LANGUAGE_STANDARD = "gnu++17";
				CLANG_CXX_LIBRARY = "libc++";
				CLANG_ENABLE_MODULES = YES;
				CLANG_ENABLE_OBJC_ARC = YES;
				CLANG_ENABLE_OBJC_WEAK = YES;
				CLANG_WARN_BLOCK_CAPTURE_AUTORELEASING = YES;
				CLANG_WARN_BOOL_CONVERSION = YES;
				CLANG_WARN_COMMA = YES;
				CLANG_WARN_CONSTANT_CONVERSION = YES;
				CLANG_WARN_DEPRECATED_OBJC_IMPLEMENTATIONS = YES;
				CLANG_WARN_DIRECT_OBJC_ISA_USAGE = YES_ERROR;
				CLANG_WARN_DOCUMENTATION_COMMENTS = YES;
				CLANG_WARN_EMPTY_BODY = YES;
				CLANG_WARN_ENUM_CONVERSION = YES;
				CLANG_WARN_INFINITE_RECURSION = YES;
				CLANG_WARN_INT_CONVERSION = YES;
				CLANG_WARN_NON_LITERAL_NULL_CONVERSION = YES;
				CLANG_WARN_OBJC_IMPLICIT_RETAIN_SELF = YES;
				CLANG_WARN_OBJC_LITERAL_CONVERSION = YES;
				CLANG_WARN_OBJC_ROOT_CLASS = YES_ERROR;
				CLANG_WARN_QUOTED_INCLUDE_IN_FRAMEWORK_HEADER = YES;
				CLANG_WARN_RANGE_LOOP_ANALYSIS = YES;
				CLANG_WARN_STRICT_PROTOTYPES = YES;
				CLANG_WARN_SUSPICIOUS_MOVE = YES;
				CLANG_WARN_UNGUARDED_AVAILABILITY = YES_AGGRESSIVE;
				CLANG_WARN_UNREACHABLE_CODE = YES;
				CLANG_WARN__DUPLICATE_METHOD_MATCH = YES;
				COPY_PHASE_STRIP = NO;
				CURRENT_PROJECT_VERSION = 1;
				DEBUG_INFORMATION_FORMAT = dwarf;
				ENABLE_STRICT_OBJC_MSGSEND = YES;
				ENABLE_TESTABILITY = YES;
				GCC_C_LANGUAGE_STANDARD = gnu11;
				GCC_DYNAMIC_NO_PIC = NO;
				GCC_NO_COMMON_BLOCKS = YES;
				GCC_OPTIMIZATION_LEVEL = 0;
				GCC_PREPROCESSOR_DEFINITIONS = (
					"DEBUG=1",
					"$(inherited)",
				);
				GCC_WARN_64_TO_32_BIT_CONVERSION = YES;
				GCC_WARN_ABOUT_RETURN_TYPE = YES_ERROR;
				GCC_WARN_UNDECLARED_SELECTOR = YES;
				GCC_WARN_UNINITIALIZED_AUTOS = YES_AGGRESSIVE;
				GCC_WARN_UNUSED_FUNCTION = YES;
				GCC_WARN_UNUSED_VARIABLE = YES;
				MACOSX_DEPLOYMENT_TARGET = 12.0;
				MTL_ENABLE_DEBUG_INFO = INCLUDE_SOURCE;
				MTL_FAST_MATH = YES;
				ONLY_ACTIVE_ARCH = YES;
				SDKROOT = macosx;
				SWIFT_ACTIVE_COMPILATION_CONDITIONS = DEBUG;
				SWIFT_OPTIMIZATION_LEVEL = "-Onone";
				VERSIONING_SYSTEM = "apple-generic";
				VERSION_INFO_PREFIX = "";
			};
			name = Debug;
		};
		83AB148C276A260200D95DBE /* Release */ = {
			isa = XCBuildConfiguration;
			buildSettings = {
				ALWAYS_SEARCH_USER_PATHS = NO;
				CLANG_ANALYZER_NONNULL = YES;
				CLANG_ANALYZER_NUMBER_OBJECT_CONVERSION = YES_AGGRESSIVE;
				CLANG_CXX_LANGUAGE_STANDARD = "gnu++17";
				CLANG_CXX_LIBRARY = "libc++";
				CLANG_ENABLE_MODULES = YES;
				CLANG_ENABLE_OBJC_ARC = YES;
				CLANG_ENABLE_OBJC_WEAK = YES;
				CLANG_WARN_BLOCK_CAPTURE_AUTORELEASING = YES;
				CLANG_WARN_BOOL_CONVERSION = YES;
				CLANG_WARN_COMMA = YES;
				CLANG_WARN_CONSTANT_CONVERSION = YES;
				CLANG_WARN_DEPRECATED_OBJC_IMPLEMENTATIONS = YES;
				CLANG_WARN_DIRECT_OBJC_ISA_USAGE = YES_ERROR;
				CLANG_WARN_DOCUMENTATION_COMMENTS = YES;
				CLANG_WARN_EMPTY_BODY = YES;
				CLANG_WARN_ENUM_CONVERSION = YES;
				CLANG_WARN_INFINITE_RECURSION = YES;
				CLANG_WARN_INT_CONVERSION = YES;
				CLANG_WARN_NON_LITERAL_NULL_CONVERSION = YES;
				CLANG_WARN_OBJC_IMPLICIT_RETAIN_SELF = YES;
				CLANG_WARN_OBJC_LITERAL_CONVERSION = YES;
				CLANG_WARN_OBJC_ROOT_CLASS = YES_ERROR;
				CLANG_WARN_QUOTED_INCLUDE_IN_FRAMEWORK_HEADER = YES;
				CLANG_WARN_RANGE_LOOP_ANALYSIS = YES;
				CLANG_WARN_STRICT_PROTOTYPES = YES;
				CLANG_WARN_SUSPICIOUS_MOVE = YES;
				CLANG_WARN_UNGUARDED_AVAILABILITY = YES_AGGRESSIVE;
				CLANG_WARN_UNREACHABLE_CODE = YES;
				CLANG_WARN__DUPLICATE_METHOD_MATCH = YES;
				COPY_PHASE_STRIP = NO;
				CURRENT_PROJECT_VERSION = 1;
				DEBUG_INFORMATION_FORMAT = "dwarf-with-dsym";
				ENABLE_NS_ASSERTIONS = NO;
				ENABLE_STRICT_OBJC_MSGSEND = YES;
				GCC_C_LANGUAGE_STANDARD = gnu11;
				GCC_NO_COMMON_BLOCKS = YES;
				GCC_WARN_64_TO_32_BIT_CONVERSION = YES;
				GCC_WARN_ABOUT_RETURN_TYPE = YES_ERROR;
				GCC_WARN_UNDECLARED_SELECTOR = YES;
				GCC_WARN_UNINITIALIZED_AUTOS = YES_AGGRESSIVE;
				GCC_WARN_UNUSED_FUNCTION = YES;
				GCC_WARN_UNUSED_VARIABLE = YES;
				MACOSX_DEPLOYMENT_TARGET = 12.0;
				MTL_ENABLE_DEBUG_INFO = NO;
				MTL_FAST_MATH = YES;
				SDKROOT = macosx;
				SWIFT_COMPILATION_MODE = wholemodule;
				SWIFT_OPTIMIZATION_LEVEL = "-O";
				VERSIONING_SYSTEM = "apple-generic";
				VERSION_INFO_PREFIX = "";
			};
			name = Release;
		};
		83AB148E276A260200D95DBE /* Debug */ = {
			isa = XCBuildConfiguration;
			buildSettings = {
				CODE_SIGN_STYLE = Automatic;
				COMBINE_HIDPI_IMAGES = YES;
				CURRENT_PROJECT_VERSION = 1;
				DEFINES_MODULE = YES;
				DEVELOPMENT_TEAM = Q5XWZ7S7E9;
				DYLIB_COMPATIBILITY_VERSION = 1;
				DYLIB_CURRENT_VERSION = 1;
				DYLIB_INSTALL_NAME_BASE = "@rpath";
				GENERATE_INFOPLIST_FILE = YES;
				INFOPLIST_KEY_NSHumanReadableCopyright = "";
				INSTALL_PATH = "$(LOCAL_LIBRARY_DIR)/Frameworks";
				LD_RUNPATH_SEARCH_PATHS = (
					"$(inherited)",
					"@executable_path/../Frameworks",
					"@loader_path/Frameworks",
				);
				MARKETING_VERSION = 1.0;
				PRODUCT_BUNDLE_IDENTIFIER = com.projectgalen.StringIntern;
				PRODUCT_NAME = "$(TARGET_NAME:c99extidentifier)";
				SKIP_INSTALL = YES;
				SWIFT_EMIT_LOC_STRINGS = YES;
				SWIFT_VERSION = 5.0;
			};
			name = Debug;
		};
		83AB148F276A260200D95DBE /* Release */ = {
			isa = XCBuildConfiguration;
			buildSettings = {
				CODE_SIGN_STYLE = Automatic;
				COMBINE_HIDPI_IMAGES = YES;
				CURRENT_PROJECT_VERSION = 1;
				DEFINES_MODULE = YES;
				DEVELOPMENT_TEAM = Q5XWZ7S7E9;
				DYLIB_COMPATIBILITY_VERSION = 1;
				DYLIB_CURRENT_VERSION = 1;
				DYLIB_INSTALL_NAME_BASE = "@rpath";
				GENERATE_INFOPLIST_FILE = YES;
				INFOPLIST_KEY_NSHumanReadableCopyright = "";
				INSTALL_PATH = "$(LOCAL_LIBRARY_DIR)/Frameworks";
				LD_RUNPATH_SEARCH_PATHS = (
					"$(inherited)",
					"@executable_path/../Frameworks",
					"@loader_path/Frameworks",
				);
				MARKETING_VERSION = 1.0;
				PRODUCT_BUNDLE_IDENTIFIER = com.projectgalen.StringIntern;
				PRODUCT_NAME = "$(TARGET_NAME:c99extidentifier)";
				SKIP_INSTALL = YES;
				SWIFT_EMIT_LOC_STRINGS = YES;
				SWIFT_VERSION = 5.0;
			};
			name = Release;
		};
		83AB1491276A260200D95DBE /* Debug */ = {
			isa = XCBuildConfiguration;
			buildSettings = {
				CODE_SIGN_STYLE = Automatic;
				CURRENT_PROJECT_VERSION = 1;
				DEVELOPMENT_TEAM = Q5XWZ7S7E9;
				GENERATE_INFOPLIST_FILE = YES;
				MARKETING_VERSION = 1.0;
				PRODUCT_BUNDLE_IDENTIFIER = com.projectgalen.StringInternTests;
				PRODUCT_NAME = "$(TARGET_NAME)";
				SWIFT_EMIT_LOC_STRINGS = NO;
				SWIFT_VERSION = 5.0;
			};
			name = Debug;
		};
		83AB1492276A260200D95DBE /* Release */ = {
			isa = XCBuildConfiguration;
			buildSettings = {
				CODE_SIGN_STYLE = Automatic;
				CURRENT_PROJECT_VERSION = 1;
				DEVELOPMENT_TEAM = Q5XWZ7S7E9;
				GENERATE_INFOPLIST_FILE = YES;
				MARKETING_VERSION = 1.0;
				PRODUCT_BUNDLE_IDENTIFIER = com.projectgalen.StringInternTests;
				PRODUCT_NAME = "$(TARGET_NAME)";
				SWIFT_EMIT_LOC_STRINGS = NO;
				SWIFT_VERSION = 5.0;
			};
			name = Release;
		};
/* End XCBuildConfiguration section */

/* Begin XCConfigurationList section */
		83AB1473276A260100D95DBE /* Build configuration list for PBXProject "StringIntern" */ = {
			isa = XCConfigurationList;
			buildConfigurations = (
				83AB148B276A260200D95DBE /* Debug */,
				83AB148C276A260200D95DBE /* Release */,
			);
			defaultConfigurationIsVisible = 0;
			defaultConfigurationName = Release;
		};
		83AB148D276A260200D95DBE /* Build configuration list for PBXNativeTarget "StringIntern" */ = {
			isa = XCConfigurationList;
			buildConfigurations = (
				83AB148E276A260200D95DBE /* Debug */,
				83AB148F276A260200D95DBE /* Release */,
			);
			defaultConfigurationIsVisible = 0;
			defaultConfigurationName = Release;
		};
		83AB1490276A260200D95DBE /* Build configuration list for PBXNativeTarget "StringInternTests" */ = {
			isa = XCConfigurationList;
			buildConfigurations = (
				83AB1491276A260200D95DBE /* Debug */,
				83AB1492276A260200D95DBE /* Release */,
			);
			defaultConfigurationIsVisible = 0;
			defaultConfigurationName = Release;
		};
/* End XCConfigurationList section */
	};
	rootObject = 83AB1470276A260100D95DBE /* Project object */;
}
